
Microsoft Visual Studio Solution File, Format Version 12.00
# Visual Studio Version 17
VisualStudioVersion = 17.0.31612.314
MinimumVisualStudioVersion = 10.0.40219.1
Project("{2150E333-8FDC-42A3-9474-1A3956D46DE8}") = "MyElectricalShop", "MyElectricalShop", "{A312AF5D-FDB8-4C67-80CD-3B59801AF650}"
EndProject
Project("{2150E333-8FDC-42A3-9474-1A3956D46DE8}") = "BlackCase", "BlackCase", "{EC97E3B7-7740-4035-A63B-D53578024271}"
EndProject
Project("{9A19103F-16F7-4668-BE54-9A1E7A4F7556}") = "MyElectricalShop.Domain", "MyElectricalShop\MyElectricalShop.Domain\MyElectricalShop.Domain.csproj", "{1C7CEA4A-2D6E-4F69-BC60-4DAB5829A9FC}"
EndProject
Project("{9A19103F-16F7-4668-BE54-9A1E7A4F7556}") = "MyElectricalShop.Infrastructure", "MyElectricalShop\MyElectricalShop.Infrastructure\MyElectricalShop.Infrastructure.csproj", "{93097A38-7DBA-4150-A830-B602E58000C0}"
EndProject
Project("{9A19103F-16F7-4668-BE54-9A1E7A4F7556}") = "MyElectricalShop.Application", "MyElectricalShop\MyElectricalShop.Application\MyElectricalShop.Application.csproj", "{6CC9B865-F9AC-4C45-A32D-7A57D0E37881}"
EndProject
Project("{9A19103F-16F7-4668-BE54-9A1E7A4F7556}") = "MyElectricalShop.Web.Api", "MyElectricalShop\MyElectricalShopWeb.Api\MyElectricalShop.Web.Api.csproj", "{96BBDD25-6F8F-4C97-8111-8064CB0100D7}"
EndProject
Project("{9A19103F-16F7-4668-BE54-9A1E7A4F7556}") = "Data.EntityFrameworkCore", "BlackCase\Data.EntityFrameworkCore\Data.EntityFrameworkCore.csproj", "{2A4C2F16-4F61-4966-AA5F-5F4C101A4C81}"
EndProject
Project("{9A19103F-16F7-4668-BE54-9A1E7A4F7556}") = "Data", "BlackCase\Data\Data.csproj", "{31767884-35D8-49CA-AA8E-3E402BC1298B}"
EndProject
Project("{9A19103F-16F7-4668-BE54-9A1E7A4F7556}") = "Data.Entities", "BlackCase\Data.Entities\Data.Entities.csproj", "{B3B0FBE2-89AF-4AD6-BBCE-1CC7022E0CC7}"
EndProject
Project("{9A19103F-16F7-4668-BE54-9A1E7A4F7556}") = "Core", "BlackCase\Core\Core.csproj", "{7558CF56-B4E3-4432-8DE3-2A4955CADB11}"
EndProject
Project("{E53339B2-1760-4266-BCC7-CA923CBCF16C}") = "docker-compose", "docker-compose.dcproj", "{6C466429-5A14-4162-BD6E-87FA54339A6E}"
EndProject
Project("{2150E333-8FDC-42A3-9474-1A3956D46DE8}") = "Identity", "Identity", "{1280BADF-4D4B-4F1D-A15C-F840D3CC61AC}"
EndProject
Project("{9A19103F-16F7-4668-BE54-9A1E7A4F7556}") = "MyElectricalShop.Identity.Domain", "Identity\MyElectricalShop.Identity.Domain\MyElectricalShop.Identity.Domain.csproj", "{EBE01458-2AB6-47DB-B997-93F391B60D09}"
EndProject
Project("{9A19103F-16F7-4668-BE54-9A1E7A4F7556}") = "MyElectricalShop.Identity.Infrastructure", "Identity\MyElectricalShop.Identity.Infrastructure\MyElectricalShop.Identity.Infrastructure.csproj", "{565A7E75-2A38-4F28-87F5-7C0917CBF2BE}"
EndProject
Project("{9A19103F-16F7-4668-BE54-9A1E7A4F7556}") = "MyElectricalShop.Identity.Application", "Identity\MyElectricalShop.Identity.Application\MyElectricalShop.Identity.Application.csproj", "{37D761F3-D5AB-44E0-A7BF-CB675E43A569}"
EndProject
Project("{FAE04EC0-301F-11D3-BF4B-00C04F79EFBC}") = "MyElectricalShop.Identity.Web.Api", "Identity\MyElectricalShop.Identity.Web.Api\MyElectricalShop.Identity.Web.Api.csproj", "{0E7119C1-9F1C-4E3D-9B3C-E94E538444FA}"
EndProject
Global
	GlobalSection(SolutionConfigurationPlatforms) = preSolution
		Debug|Any CPU = Debug|Any CPU
		Release|Any CPU = Release|Any CPU
	EndGlobalSection
	GlobalSection(ProjectConfigurationPlatforms) = postSolution
		{1C7CEA4A-2D6E-4F69-BC60-4DAB5829A9FC}.Debug|Any CPU.ActiveCfg = Debug|Any CPU
		{1C7CEA4A-2D6E-4F69-BC60-4DAB5829A9FC}.Debug|Any CPU.Build.0 = Debug|Any CPU
		{1C7CEA4A-2D6E-4F69-BC60-4DAB5829A9FC}.Release|Any CPU.ActiveCfg = Release|Any CPU
		{1C7CEA4A-2D6E-4F69-BC60-4DAB5829A9FC}.Release|Any CPU.Build.0 = Release|Any CPU
		{93097A38-7DBA-4150-A830-B602E58000C0}.Debug|Any CPU.ActiveCfg = Debug|Any CPU
		{93097A38-7DBA-4150-A830-B602E58000C0}.Debug|Any CPU.Build.0 = Debug|Any CPU
		{93097A38-7DBA-4150-A830-B602E58000C0}.Release|Any CPU.ActiveCfg = Release|Any CPU
		{93097A38-7DBA-4150-A830-B602E58000C0}.Release|Any CPU.Build.0 = Release|Any CPU
		{6CC9B865-F9AC-4C45-A32D-7A57D0E37881}.Debug|Any CPU.ActiveCfg = Debug|Any CPU
		{6CC9B865-F9AC-4C45-A32D-7A57D0E37881}.Debug|Any CPU.Build.0 = Debug|Any CPU
		{6CC9B865-F9AC-4C45-A32D-7A57D0E37881}.Release|Any CPU.ActiveCfg = Release|Any CPU
		{6CC9B865-F9AC-4C45-A32D-7A57D0E37881}.Release|Any CPU.Build.0 = Release|Any CPU
		{96BBDD25-6F8F-4C97-8111-8064CB0100D7}.Debug|Any CPU.ActiveCfg = Debug|Any CPU
		{96BBDD25-6F8F-4C97-8111-8064CB0100D7}.Debug|Any CPU.Build.0 = Debug|Any CPU
		{96BBDD25-6F8F-4C97-8111-8064CB0100D7}.Release|Any CPU.ActiveCfg = Release|Any CPU
		{96BBDD25-6F8F-4C97-8111-8064CB0100D7}.Release|Any CPU.Build.0 = Release|Any CPU
		{2A4C2F16-4F61-4966-AA5F-5F4C101A4C81}.Debug|Any CPU.ActiveCfg = Debug|Any CPU
		{2A4C2F16-4F61-4966-AA5F-5F4C101A4C81}.Debug|Any CPU.Build.0 = Debug|Any CPU
		{2A4C2F16-4F61-4966-AA5F-5F4C101A4C81}.Release|Any CPU.ActiveCfg = Release|Any CPU
		{2A4C2F16-4F61-4966-AA5F-5F4C101A4C81}.Release|Any CPU.Build.0 = Release|Any CPU
		{31767884-35D8-49CA-AA8E-3E402BC1298B}.Debug|Any CPU.ActiveCfg = Debug|Any CPU
		{31767884-35D8-49CA-AA8E-3E402BC1298B}.Debug|Any CPU.Build.0 = Debug|Any CPU
		{31767884-35D8-49CA-AA8E-3E402BC1298B}.Release|Any CPU.ActiveCfg = Release|Any CPU
		{31767884-35D8-49CA-AA8E-3E402BC1298B}.Release|Any CPU.Build.0 = Release|Any CPU
		{B3B0FBE2-89AF-4AD6-BBCE-1CC7022E0CC7}.Debug|Any CPU.ActiveCfg = Debug|Any CPU
		{B3B0FBE2-89AF-4AD6-BBCE-1CC7022E0CC7}.Debug|Any CPU.Build.0 = Debug|Any CPU
		{B3B0FBE2-89AF-4AD6-BBCE-1CC7022E0CC7}.Release|Any CPU.ActiveCfg = Release|Any CPU
		{B3B0FBE2-89AF-4AD6-BBCE-1CC7022E0CC7}.Release|Any CPU.Build.0 = Release|Any CPU
		{7558CF56-B4E3-4432-8DE3-2A4955CADB11}.Debug|Any CPU.ActiveCfg = Debug|Any CPU
		{7558CF56-B4E3-4432-8DE3-2A4955CADB11}.Debug|Any CPU.Build.0 = Debug|Any CPU
		{7558CF56-B4E3-4432-8DE3-2A4955CADB11}.Release|Any CPU.ActiveCfg = Release|Any CPU
		{7558CF56-B4E3-4432-8DE3-2A4955CADB11}.Release|Any CPU.Build.0 = Release|Any CPU
		{6C466429-5A14-4162-BD6E-87FA54339A6E}.Debug|Any CPU.ActiveCfg = Debug|Any CPU
		{6C466429-5A14-4162-BD6E-87FA54339A6E}.Debug|Any CPU.Build.0 = Debug|Any CPU
		{6C466429-5A14-4162-BD6E-87FA54339A6E}.Release|Any CPU.ActiveCfg = Release|Any CPU
		{6C466429-5A14-4162-BD6E-87FA54339A6E}.Release|Any CPU.Build.0 = Release|Any CPU
		{EBE01458-2AB6-47DB-B997-93F391B60D09}.Debug|Any CPU.ActiveCfg = Debug|Any CPU
		{EBE01458-2AB6-47DB-B997-93F391B60D09}.Debug|Any CPU.Build.0 = Debug|Any CPU
		{EBE01458-2AB6-47DB-B997-93F391B60D09}.Release|Any CPU.ActiveCfg = Release|Any CPU
		{EBE01458-2AB6-47DB-B997-93F391B60D09}.Release|Any CPU.Build.0 = Release|Any CPU
		{565A7E75-2A38-4F28-87F5-7C0917CBF2BE}.Debug|Any CPU.ActiveCfg = Debug|Any CPU
		{565A7E75-2A38-4F28-87F5-7C0917CBF2BE}.Debug|Any CPU.Build.0 = Debug|Any CPU
		{565A7E75-2A38-4F28-87F5-7C0917CBF2BE}.Release|Any CPU.ActiveCfg = Release|Any CPU
		{565A7E75-2A38-4F28-87F5-7C0917CBF2BE}.Release|Any CPU.Build.0 = Release|Any CPU
		{37D761F3-D5AB-44E0-A7BF-CB675E43A569}.Debug|Any CPU.ActiveCfg = Debug|Any CPU
		{37D761F3-D5AB-44E0-A7BF-CB675E43A569}.Debug|Any CPU.Build.0 = Debug|Any CPU
		{37D761F3-D5AB-44E0-A7BF-CB675E43A569}.Release|Any CPU.ActiveCfg = Release|Any CPU
		{37D761F3-D5AB-44E0-A7BF-CB675E43A569}.Release|Any CPU.Build.0 = Release|Any CPU
		{0E7119C1-9F1C-4E3D-9B3C-E94E538444FA}.Debug|Any CPU.ActiveCfg = Debug|Any CPU
		{0E7119C1-9F1C-4E3D-9B3C-E94E538444FA}.Debug|Any CPU.Build.0 = Debug|Any CPU
		{0E7119C1-9F1C-4E3D-9B3C-E94E538444FA}.Release|Any CPU.ActiveCfg = Release|Any CPU
		{0E7119C1-9F1C-4E3D-9B3C-E94E538444FA}.Release|Any CPU.Build.0 = Release|Any CPU
	EndGlobalSection
	GlobalSection(SolutionProperties) = preSolution
		HideSolutionNode = FALSE
	EndGlobalSection
	GlobalSection(NestedProjects) = preSolution
		{1C7CEA4A-2D6E-4F69-BC60-4DAB5829A9FC} = {A312AF5D-FDB8-4C67-80CD-3B59801AF650}
		{93097A38-7DBA-4150-A830-B602E58000C0} = {A312AF5D-FDB8-4C67-80CD-3B59801AF650}
		{6CC9B865-F9AC-4C45-A32D-7A57D0E37881} = {A312AF5D-FDB8-4C67-80CD-3B59801AF650}
		{96BBDD25-6F8F-4C97-8111-8064CB0100D7} = {A312AF5D-FDB8-4C67-80CD-3B59801AF650}
		{2A4C2F16-4F61-4966-AA5F-5F4C101A4C81} = {EC97E3B7-7740-4035-A63B-D53578024271}
		{31767884-35D8-49CA-AA8E-3E402BC1298B} = {EC97E3B7-7740-4035-A63B-D53578024271}
		{B3B0FBE2-89AF-4AD6-BBCE-1CC7022E0CC7} = {EC97E3B7-7740-4035-A63B-D53578024271}
		{7558CF56-B4E3-4432-8DE3-2A4955CADB11} = {EC97E3B7-7740-4035-A63B-D53578024271}
		{EBE01458-2AB6-47DB-B997-93F391B60D09} = {1280BADF-4D4B-4F1D-A15C-F840D3CC61AC}
		{565A7E75-2A38-4F28-87F5-7C0917CBF2BE} = {1280BADF-4D4B-4F1D-A15C-F840D3CC61AC}
		{37D761F3-D5AB-44E0-A7BF-CB675E43A569} = {1280BADF-4D4B-4F1D-A15C-F840D3CC61AC}
		{0E7119C1-9F1C-4E3D-9B3C-E94E538444FA} = {1280BADF-4D4B-4F1D-A15C-F840D3CC61AC}
	EndGlobalSection
	GlobalSection(ExtensibilityGlobals) = postSolution
		SolutionGuid = {5DD73921-E702-42A2-8973-CC1529D56BF1}
	EndGlobalSection
EndGlobal
